
Microsoft Visual Studio Solution File, Format Version 12.00
# Visual Studio Version 17
VisualStudioVersion = 17.4.33122.133
MinimumVisualStudioVersion = 10.0.40219.1
Project("{2150E333-8FDC-42A3-9474-1A3956D46DE8}") = "1 - Core", "1 - Core", "{33896901-A3DF-49D4-A031-9EBB495892FB}"
EndProject
Project("{2150E333-8FDC-42A3-9474-1A3956D46DE8}") = "1.1 Domain", "1.1 Domain", "{20B08B1C-C1FE-4D6E-A334-23F3955AD2D7}"
EndProject
Project("{2150E333-8FDC-42A3-9474-1A3956D46DE8}") = "1.2 Application", "1.2 Application", "{F1591A65-6FA4-48EF-B693-CF3B495CDD06}"
EndProject
Project("{2150E333-8FDC-42A3-9474-1A3956D46DE8}") = "1.3 Infrastructure", "1.3 Infrastructure", "{87A56CEC-1362-461B-80D5-319226CD3DBA}"
EndProject
Project("{2150E333-8FDC-42A3-9474-1A3956D46DE8}") = "1.3.1 In", "1.3.1 In", "{66669B40-B3B8-43CA-BA5D-F1E67F580E09}"
EndProject
Project("{2150E333-8FDC-42A3-9474-1A3956D46DE8}") = "1.3.2 Out", "1.3.2 Out", "{8F9967EE-3C26-4862-B6AD-C00A03E6D2BC}"
EndProject
Project("{2150E333-8FDC-42A3-9474-1A3956D46DE8}") = "Testes", "Testes", "{21D54363-AD53-4E76-85FF-7A3AB25554D5}"
EndProject
Project("{9A19103F-16F7-4668-BE54-9A1E7A4F7556}") = "Cassiano.EShopOnContainers.Core.Domain", "services\core\domain\Cassiano.EShopOnContainers.Core.Domain\Cassiano.EShopOnContainers.Core.Domain.csproj", "{0865B81B-1793-4280-821E-5040B2DBDE41}"
EndProject
Project("{2150E333-8FDC-42A3-9474-1A3956D46DE8}") = "Solution Items", "Solution Items", "{1A226F9F-0A02-4E53-97ED-8D494990641D}"
	ProjectSection(SolutionItems) = preProject
		.editorconfig = .editorconfig
	EndProjectSection
EndProject
Project("{9A19103F-16F7-4668-BE54-9A1E7A4F7556}") = "Cassiano.EShopOnContainers.Core.Application", "services\core\application\Cassiano.EShopOnContainers.Core.Application\Cassiano.EShopOnContainers.Core.Application.csproj", "{E9D0DDD5-7030-4DAD-AF0E-51608849E00B}"
EndProject
Project("{2150E333-8FDC-42A3-9474-1A3956D46DE8}") = "2 - CommandsCentral", "2 - CommandsCentral", "{DD45F1A7-194A-4D3E-B58A-14794D376711}"
EndProject
Project("{2150E333-8FDC-42A3-9474-1A3956D46DE8}") = "1 Domain", "1 Domain", "{398882CA-F364-408F-8AB6-8561F56B0CF1}"
EndProject
Project("{2150E333-8FDC-42A3-9474-1A3956D46DE8}") = "2 Application", "2 Application", "{249CFCAA-E674-4C15-B2E9-1C7928BAD080}"
EndProject
Project("{2150E333-8FDC-42A3-9474-1A3956D46DE8}") = "3 Infrastructure", "3 Infrastructure", "{32E107D6-46A6-4E1E-9DA3-E6122CD7353D}"
EndProject
Project("{9A19103F-16F7-4668-BE54-9A1E7A4F7556}") = "Cassiano.EShopOnContainers.CommandsCentral.Domain", "services\CommandsCentral\Cassiano.EShopOnContainers.CommandsCentral.Domain\Cassiano.EShopOnContainers.CommandsCentral.Domain.csproj", "{DC643823-6CEF-48B5-96FD-5C4387219AE8}"
EndProject
Project("{9A19103F-16F7-4668-BE54-9A1E7A4F7556}") = "Cassiano.EShopOnContainers.Core.Infrastructure.Out.DbAccess", "services\core\insfrastructure\out\Cassiano.EShopOnContainers.Core.Infrastructure.Out.DbAccess\Cassiano.EShopOnContainers.Core.Infrastructure.Out.DbAccess.csproj", "{26A1E134-48B9-4FBE-A685-9941FA3AA0F4}"
EndProject
Project("{9A19103F-16F7-4668-BE54-9A1E7A4F7556}") = "Cassiano.EShopOnContainers.Core.Domain.Tests.Unit", "services\core\insfrastructure\in\tests\Cassiano.EShopOnContainers.Core.Domain.Tests.Unit\Cassiano.EShopOnContainers.Core.Domain.Tests.Unit.csproj", "{6AD3F702-E86A-4CBC-96B2-471CCD89875A}"
EndProject
Project("{9A19103F-16F7-4668-BE54-9A1E7A4F7556}") = "Cassiano.EShopOnContainers.Core.Application.Tests.Integration", "services\core\insfrastructure\in\tests\Cassiano.EShopOnContainers.Core.Application.Tests.Integration\Cassiano.EShopOnContainers.Core.Application.Tests.Integration.csproj", "{77F4F9B3-1D39-4B52-9E46-745E00652B2C}"
EndProject
Project("{FAE04EC0-301F-11D3-BF4B-00C04F79EFBC}") = "Cassiano.EShopOnContainers.Core.Application.Tests.EFStarterProject", "services\core\insfrastructure\in\tests\Cassiano.EShopOnContainers.Core.Application.Tests.EFStarterProject\Cassiano.EShopOnContainers.Core.Application.Tests.EFStarterProject.csproj", "{927D74A5-78A8-4390-8EB3-5C75DAD22899}"
EndProject
Global
	GlobalSection(SolutionConfigurationPlatforms) = preSolution
		Debug|Any CPU = Debug|Any CPU
		Release|Any CPU = Release|Any CPU
	EndGlobalSection
	GlobalSection(ProjectConfigurationPlatforms) = postSolution
		{0865B81B-1793-4280-821E-5040B2DBDE41}.Debug|Any CPU.ActiveCfg = Debug|Any CPU
		{0865B81B-1793-4280-821E-5040B2DBDE41}.Debug|Any CPU.Build.0 = Debug|Any CPU
		{0865B81B-1793-4280-821E-5040B2DBDE41}.Release|Any CPU.ActiveCfg = Release|Any CPU
		{0865B81B-1793-4280-821E-5040B2DBDE41}.Release|Any CPU.Build.0 = Release|Any CPU
		{E9D0DDD5-7030-4DAD-AF0E-51608849E00B}.Debug|Any CPU.ActiveCfg = Debug|Any CPU
		{E9D0DDD5-7030-4DAD-AF0E-51608849E00B}.Debug|Any CPU.Build.0 = Debug|Any CPU
		{E9D0DDD5-7030-4DAD-AF0E-51608849E00B}.Release|Any CPU.ActiveCfg = Release|Any CPU
		{E9D0DDD5-7030-4DAD-AF0E-51608849E00B}.Release|Any CPU.Build.0 = Release|Any CPU
		{DC643823-6CEF-48B5-96FD-5C4387219AE8}.Debug|Any CPU.ActiveCfg = Debug|Any CPU
		{DC643823-6CEF-48B5-96FD-5C4387219AE8}.Debug|Any CPU.Build.0 = Debug|Any CPU
		{DC643823-6CEF-48B5-96FD-5C4387219AE8}.Release|Any CPU.ActiveCfg = Release|Any CPU
		{DC643823-6CEF-48B5-96FD-5C4387219AE8}.Release|Any CPU.Build.0 = Release|Any CPU
		{26A1E134-48B9-4FBE-A685-9941FA3AA0F4}.Debug|Any CPU.ActiveCfg = Debug|Any CPU
		{26A1E134-48B9-4FBE-A685-9941FA3AA0F4}.Debug|Any CPU.Build.0 = Debug|Any CPU
		{26A1E134-48B9-4FBE-A685-9941FA3AA0F4}.Release|Any CPU.ActiveCfg = Release|Any CPU
		{26A1E134-48B9-4FBE-A685-9941FA3AA0F4}.Release|Any CPU.Build.0 = Release|Any CPU
		{6AD3F702-E86A-4CBC-96B2-471CCD89875A}.Debug|Any CPU.ActiveCfg = Debug|Any CPU
		{6AD3F702-E86A-4CBC-96B2-471CCD89875A}.Debug|Any CPU.Build.0 = Debug|Any CPU
		{6AD3F702-E86A-4CBC-96B2-471CCD89875A}.Release|Any CPU.ActiveCfg = Release|Any CPU
		{6AD3F702-E86A-4CBC-96B2-471CCD89875A}.Release|Any CPU.Build.0 = Release|Any CPU
		{77F4F9B3-1D39-4B52-9E46-745E00652B2C}.Debug|Any CPU.ActiveCfg = Debug|Any CPU
		{77F4F9B3-1D39-4B52-9E46-745E00652B2C}.Debug|Any CPU.Build.0 = Debug|Any CPU
		{77F4F9B3-1D39-4B52-9E46-745E00652B2C}.Release|Any CPU.ActiveCfg = Release|Any CPU
		{77F4F9B3-1D39-4B52-9E46-745E00652B2C}.Release|Any CPU.Build.0 = Release|Any CPU
		{927D74A5-78A8-4390-8EB3-5C75DAD22899}.Debug|Any CPU.ActiveCfg = Debug|Any CPU
		{927D74A5-78A8-4390-8EB3-5C75DAD22899}.Debug|Any CPU.Build.0 = Debug|Any CPU
		{927D74A5-78A8-4390-8EB3-5C75DAD22899}.Release|Any CPU.ActiveCfg = Release|Any CPU
		{927D74A5-78A8-4390-8EB3-5C75DAD22899}.Release|Any CPU.Build.0 = Release|Any CPU
	EndGlobalSection
	GlobalSection(SolutionProperties) = preSolution
		HideSolutionNode = FALSE
	EndGlobalSection
	GlobalSection(NestedProjects) = preSolution
		{20B08B1C-C1FE-4D6E-A334-23F3955AD2D7} = {33896901-A3DF-49D4-A031-9EBB495892FB}
		{F1591A65-6FA4-48EF-B693-CF3B495CDD06} = {33896901-A3DF-49D4-A031-9EBB495892FB}
		{87A56CEC-1362-461B-80D5-319226CD3DBA} = {33896901-A3DF-49D4-A031-9EBB495892FB}
		{66669B40-B3B8-43CA-BA5D-F1E67F580E09} = {87A56CEC-1362-461B-80D5-319226CD3DBA}
		{8F9967EE-3C26-4862-B6AD-C00A03E6D2BC} = {87A56CEC-1362-461B-80D5-319226CD3DBA}
		{21D54363-AD53-4E76-85FF-7A3AB25554D5} = {66669B40-B3B8-43CA-BA5D-F1E67F580E09}
		{0865B81B-1793-4280-821E-5040B2DBDE41} = {20B08B1C-C1FE-4D6E-A334-23F3955AD2D7}
		{E9D0DDD5-7030-4DAD-AF0E-51608849E00B} = {F1591A65-6FA4-48EF-B693-CF3B495CDD06}
		{398882CA-F364-408F-8AB6-8561F56B0CF1} = {DD45F1A7-194A-4D3E-B58A-14794D376711}
		{249CFCAA-E674-4C15-B2E9-1C7928BAD080} = {DD45F1A7-194A-4D3E-B58A-14794D376711}
		{32E107D6-46A6-4E1E-9DA3-E6122CD7353D} = {DD45F1A7-194A-4D3E-B58A-14794D376711}
		{DC643823-6CEF-48B5-96FD-5C4387219AE8} = {398882CA-F364-408F-8AB6-8561F56B0CF1}
		{26A1E134-48B9-4FBE-A685-9941FA3AA0F4} = {8F9967EE-3C26-4862-B6AD-C00A03E6D2BC}
		{6AD3F702-E86A-4CBC-96B2-471CCD89875A} = {21D54363-AD53-4E76-85FF-7A3AB25554D5}
		{77F4F9B3-1D39-4B52-9E46-745E00652B2C} = {21D54363-AD53-4E76-85FF-7A3AB25554D5}
		{927D74A5-78A8-4390-8EB3-5C75DAD22899} = {21D54363-AD53-4E76-85FF-7A3AB25554D5}
	EndGlobalSection
	GlobalSection(ExtensibilityGlobals) = postSolution
		SolutionGuid = {BD0BFF79-B832-489C-8822-2D5AC77A0FE4}
	EndGlobalSection
EndGlobal
