
Microsoft Visual Studio Solution File, Format Version 12.00
# Visual Studio Version 17
VisualStudioVersion = 17.4.33122.133
MinimumVisualStudioVersion = 10.0.40219.1
Project("{2150E333-8FDC-42A3-9474-1A3956D46DE8}") = "1 - Core", "1 - Core", "{33896901-A3DF-49D4-A031-9EBB495892FB}"
EndProject
Project("{2150E333-8FDC-42A3-9474-1A3956D46DE8}") = "1 Domain", "1 Domain", "{20B08B1C-C1FE-4D6E-A334-23F3955AD2D7}"
EndProject
Project("{2150E333-8FDC-42A3-9474-1A3956D46DE8}") = "2 Application", "2 Application", "{F1591A65-6FA4-48EF-B693-CF3B495CDD06}"
EndProject
Project("{2150E333-8FDC-42A3-9474-1A3956D46DE8}") = "3 Infrastructure", "3 Infrastructure", "{87A56CEC-1362-461B-80D5-319226CD3DBA}"
EndProject
Project("{2150E333-8FDC-42A3-9474-1A3956D46DE8}") = "1.3.1 In", "1.3.1 In", "{66669B40-B3B8-43CA-BA5D-F1E67F580E09}"
EndProject
Project("{2150E333-8FDC-42A3-9474-1A3956D46DE8}") = "1.3.2 Out", "1.3.2 Out", "{8F9967EE-3C26-4862-B6AD-C00A03E6D2BC}"
EndProject
Project("{2150E333-8FDC-42A3-9474-1A3956D46DE8}") = "Tests", "Tests", "{21D54363-AD53-4E76-85FF-7A3AB25554D5}"
EndProject
Project("{2150E333-8FDC-42A3-9474-1A3956D46DE8}") = "Solution Items", "Solution Items", "{1A226F9F-0A02-4E53-97ED-8D494990641D}"
	ProjectSection(SolutionItems) = preProject
		.editorconfig = .editorconfig
	EndProjectSection
EndProject
Project("{2150E333-8FDC-42A3-9474-1A3956D46DE8}") = "2 - CommandsCentral", "2 - CommandsCentral", "{DD45F1A7-194A-4D3E-B58A-14794D376711}"
EndProject
Project("{2150E333-8FDC-42A3-9474-1A3956D46DE8}") = "1 Domain", "1 Domain", "{398882CA-F364-408F-8AB6-8561F56B0CF1}"
EndProject
Project("{2150E333-8FDC-42A3-9474-1A3956D46DE8}") = "2 Application", "2 Application", "{249CFCAA-E674-4C15-B2E9-1C7928BAD080}"
EndProject
Project("{2150E333-8FDC-42A3-9474-1A3956D46DE8}") = "3 Infrastructure", "3 Infrastructure", "{32E107D6-46A6-4E1E-9DA3-E6122CD7353D}"
EndProject
Project("{9A19103F-16F7-4668-BE54-9A1E7A4F7556}") = "StarterProject", "services\core\insfrastructure\in\tests\StarterProject\StarterProject.csproj", "{73EAA48A-8589-4F0E-BB9E-D210041205E2}"
EndProject
Project("{2150E333-8FDC-42A3-9474-1A3956D46DE8}") = "3 - BackOffice", "3 - BackOffice", "{98C25807-DC3E-4402-BA62-C96E8998A681}"
EndProject
Project("{2150E333-8FDC-42A3-9474-1A3956D46DE8}") = "1 Domain", "1 Domain", "{64DC0984-F434-49CA-8F25-27D1487C8680}"
EndProject
Project("{2150E333-8FDC-42A3-9474-1A3956D46DE8}") = "2 Application", "2 Application", "{32E5DF78-4B2E-4902-97EB-66204448CC8D}"
EndProject
Project("{2150E333-8FDC-42A3-9474-1A3956D46DE8}") = "3 Infrastructure", "3 Infrastructure", "{281460AD-8B01-4D1C-85A3-71198BFF2AA2}"
EndProject
Project("{2150E333-8FDC-42A3-9474-1A3956D46DE8}") = "In", "In", "{81096E34-AACA-4678-9776-CCC5EFE38899}"
EndProject
Project("{2150E333-8FDC-42A3-9474-1A3956D46DE8}") = "Tests", "Tests", "{4C9AFB24-F7B9-4533-9C59-E7F23431FA9C}"
EndProject
Project("{9A19103F-16F7-4668-BE54-9A1E7A4F7556}") = "BackOffice.Infra.In.Tests.Unit", "services\BackOffice\Infrastructure\In\tests\BackOffice.Infra.In.Tests.Unit\BackOffice.Infra.In.Tests.Unit.csproj", "{B0430BB4-692D-4CB1-9C8E-C52969100954}"
EndProject
Project("{9A19103F-16F7-4668-BE54-9A1E7A4F7556}") = "BackOffice.Infra.In.Tests.Integration", "services\BackOffice\Infrastructure\In\tests\BackOffice.Infra.In.Tests.Integration\BackOffice.Infra.In.Tests.Integration.csproj", "{E6B955B1-147A-4155-90D8-85057FB5610B}"
EndProject
Project("{9A19103F-16F7-4668-BE54-9A1E7A4F7556}") = "EShopOnContainer.BackOffice.Infra.In.Http", "services\BackOffice\Infrastructure\In\EShopOnContainer.BackOffice.Infra.In.Http\EShopOnContainer.BackOffice.Infra.In.Http.csproj", "{362275AE-33CD-47C2-90D0-4CC1B6F28B26}"
EndProject
Project("{2150E333-8FDC-42A3-9474-1A3956D46DE8}") = "Out", "Out", "{67BDAD70-6F4A-4CF0-87F8-2924811BF711}"
EndProject
Project("{9A19103F-16F7-4668-BE54-9A1E7A4F7556}") = "EShopOnContainer.BackOffice.Infra.Out.AccessData", "services\BackOffice\Infrastructure\Out\EShopOnContainer.BackOffice.Infra.Out.AccessData\EShopOnContainer.BackOffice.Infra.Out.AccessData.csproj", "{CEC73548-3D7F-4DF2-BD9B-D365D9961C9E}"
EndProject
Project("{9A19103F-16F7-4668-BE54-9A1E7A4F7556}") = "EShopOnContainer.BackOffice.Infra.CrossCutting", "services\BackOffice\Infrastructure\EShopOnContainer.BackOffice.Infra.CrossCutting\EShopOnContainer.BackOffice.Infra.CrossCutting.csproj", "{6F75F9CF-5463-4631-B8B2-BDC1F979E07D}"
EndProject
Project("{9A19103F-16F7-4668-BE54-9A1E7A4F7556}") = "EShopOnContainer.BackOffice.Infra.In.HttpMinimal", "services\BackOffice\Infrastructure\In\EShopOnContainer.BackOffice.Infra.In.HttpMinimal\EShopOnContainer.BackOffice.Infra.In.HttpMinimal.csproj", "{CE0DE9B0-1897-45DF-950F-202D2E2E5C30}"
EndProject
Project("{9A19103F-16F7-4668-BE54-9A1E7A4F7556}") = "EShopOnContainer.BackOffice.Infra.Out.Bus.Kafka", "services\BackOffice\Infrastructure\Out\EShopOnContainer.BackOffice.Infra.Out.Bus.Kafka\EShopOnContainer.BackOffice.Infra.Out.Bus.Kafka.csproj", "{3D2AF086-4C3D-44DE-8178-D4C4F17EDB00}"
EndProject
Project("{2150E333-8FDC-42A3-9474-1A3956D46DE8}") = "Out", "Out", "{6AA23319-4E8C-42C2-9B06-CEB2C88609EB}"
EndProject
Project("{2150E333-8FDC-42A3-9474-1A3956D46DE8}") = "In", "In", "{B902AA99-7CB4-489A-BA55-1F1C71A862EB}"
EndProject
Project("{9A19103F-16F7-4668-BE54-9A1E7A4F7556}") = "DTI.Core.Domain", "services\Core\domain\DTI.Core.Domain\DTI.Core.Domain.csproj", "{6F9A902D-62C6-4FE2-8DC4-1639EF8C35D8}"
EndProject
Project("{9A19103F-16F7-4668-BE54-9A1E7A4F7556}") = "DTI.Core.Application", "services\Core\application\DTI.Core.Application\DTI.Core.Application.csproj", "{39DA8B43-2012-4FCB-9B32-EDA9A61EFCD4}"
EndProject
Project("{9A19103F-16F7-4668-BE54-9A1E7A4F7556}") = "DTI.Core.Domain.Tests.Unit", "services\Core\insfrastructure\in\tests\DTI.Core.Domain.Tests.Unit\DTI.Core.Domain.Tests.Unit.csproj", "{69799607-F61D-46D7-894D-6AA8290DF387}"
EndProject
Project("{9A19103F-16F7-4668-BE54-9A1E7A4F7556}") = "DTI.Core.Application.Tests.Integration", "services\Core\insfrastructure\in\tests\DTI.Core.Application.Tests.Integration\DTI.Core.Application.Tests.Integration.csproj", "{1F805D4D-60B3-4656-8A3F-A7863060F77E}"
EndProject
Project("{9A19103F-16F7-4668-BE54-9A1E7A4F7556}") = "DTI.Core.Infrastructure.In.HttpMinimal", "services\Core\insfrastructure\in\DTI.Core.Infrastructure.In.HttpMinimal\DTI.Core.Infrastructure.In.HttpMinimal.csproj", "{40D99CFD-54C6-454A-8886-FD1AD4A990BE}"
EndProject
Project("{9A19103F-16F7-4668-BE54-9A1E7A4F7556}") = "DTI.Core.Infrastructure.In.Http", "services\Core\insfrastructure\in\DTI.Core.Infrastructure.In.Http\DTI.Core.Infrastructure.In.Http.csproj", "{36B0DD7A-2E2A-4CED-8645-588D92A38901}"
EndProject
Project("{9A19103F-16F7-4668-BE54-9A1E7A4F7556}") = "DTI.CommandsCentral.Domain", "services\CommandsCentral\DTI.CommandsCentral.Domain\DTI.CommandsCentral.Domain.csproj", "{EED4BC2D-BAA9-4E5E-8E7B-C66932974A48}"
EndProject
Project("{9A19103F-16F7-4668-BE54-9A1E7A4F7556}") = "DTI.CommandsCentral.Application", "services\CommandsCentral\DTI.CommandsCentral.Application\DTI.CommandsCentral.Application.csproj", "{3E874491-6C36-4D09-BAAB-DEC09E28D715}"
EndProject
Project("{9A19103F-16F7-4668-BE54-9A1E7A4F7556}") = "DTI.CommandsCentral.Infra.In.Http", "services\CommandsCentral\Infra\In\DTI.CommandsCentral.Infra.In.Http\DTI.CommandsCentral.Infra.In.Http.csproj", "{49B8FE03-3C67-4A6B-8944-D5F1A8E34D5F}"
EndProject
Project("{9A19103F-16F7-4668-BE54-9A1E7A4F7556}") = "DTI.CommandsCentral.Infra.CrossCutting", "services\CommandsCentral\Infra\DTI.CommandsCentral.Infra.CrossCutting\DTI.CommandsCentral.Infra.CrossCutting.csproj", "{95594702-6ACA-4E87-A5A9-BEFE94FE108D}"
EndProject
Project("{9A19103F-16F7-4668-BE54-9A1E7A4F7556}") = "DTI.CommandsCentral.Infra.Out.AccessData", "services\CommandsCentral\Infra\Out\DTI.CommandsCentral.Infra.Out.AccessData\DTI.CommandsCentral.Infra.Out.AccessData.csproj", "{A9E87A6F-8E88-4591-9D1F-66ED377A0ACE}"
EndProject
Project("{9A19103F-16F7-4668-BE54-9A1E7A4F7556}") = "DTI.CommandsCentral.Infra.Out.Bus.Kafka", "services\CommandsCentral\Infra\Out\DTI.CommandsCentral.Infra.Out.Bus.Kafka\DTI.CommandsCentral.Infra.Out.Bus.Kafka.csproj", "{34C00EBD-AA30-493C-AE34-8FCE5C99C1B3}"
EndProject
Project("{9A19103F-16F7-4668-BE54-9A1E7A4F7556}") = "DTI.CommandsCentral.Infra.In.Tests.Integration", "services\CommandsCentral\Infra\In\DTI.CommandsCentral.Infra.In.Tests.Integration\DTI.CommandsCentral.Infra.In.Tests.Integration.csproj", "{3DF251E6-0840-4290-A0DA-AC4F4765180E}"
EndProject
Project("{9A19103F-16F7-4668-BE54-9A1E7A4F7556}") = "EShopOnContainer.BackOffice.Domain", "services\BackOffice\EShopOnContainer.BackOffice.Domain\EShopOnContainer.BackOffice.Domain.csproj", "{15DA0562-C856-4A09-9006-08F3BB201809}"
EndProject
Project("{9A19103F-16F7-4668-BE54-9A1E7A4F7556}") = "EShopOnContainer.BackOffice.Application", "services\BackOffice\EShopOnContainer.BackOffice.Application\EShopOnContainer.BackOffice.Application.csproj", "{CA59CAAA-1944-4714-8017-B69E785F854E}"
EndProject
Project("{2150E333-8FDC-42A3-9474-1A3956D46DE8}") = "4 - Catalog", "4 - Catalog", "{23F8AB69-F7C5-4877-810D-86EFE7B7F2ED}"
EndProject
Project("{2150E333-8FDC-42A3-9474-1A3956D46DE8}") = "1 Application", "1 Application", "{0EDD8339-05C1-425E-8ACA-11F05FE85105}"
EndProject
Project("{2150E333-8FDC-42A3-9474-1A3956D46DE8}") = "2 Infrastructure", "2 Infrastructure", "{141266E7-8836-44AD-A055-2EC45A790670}"
EndProject
Project("{9A19103F-16F7-4668-BE54-9A1E7A4F7556}") = "EShopOnContainer.Catalog.Application", "services\Catalog\EShopOnContainer.Catalog.Application\EShopOnContainer.Catalog.Application.csproj", "{BC9BBA93-C6DB-4DB1-9DD9-55182A572E00}"
EndProject
Project("{2150E333-8FDC-42A3-9474-1A3956D46DE8}") = "2.1 In", "2.1 In", "{8117F6C2-DC9B-4F44-BC9E-8C13595606E0}"
EndProject
Project("{9A19103F-16F7-4668-BE54-9A1E7A4F7556}") = "EShopOnContainer.Catalog.Infra.In.Tests", "services\Catalog\Infra\In\EShopOnContainer.Catalog.Infra.In.Tests\EShopOnContainer.Catalog.Infra.In.Tests.csproj", "{68E00A98-54CD-4A0B-A611-2BAE4CF6239E}"
EndProject
Project("{2150E333-8FDC-42A3-9474-1A3956D46DE8}") = "2.2 Out", "2.2 Out", "{92CD37EC-28A7-4CD9-BF2F-12D8EBA8DAB5}"
EndProject
Project("{9A19103F-16F7-4668-BE54-9A1E7A4F7556}") = "EShopOnContainer.Catalog.Infra.Out.AccessData", "services\Catalog\Infra\Out\EShopOnContainer.Catalog.Infra.Out.AccessData\EShopOnContainer.Catalog.Infra.Out.AccessData.csproj", "{78446F74-FCEB-4049-8DE8-8A551BA3D410}"
EndProject
Project("{9A19103F-16F7-4668-BE54-9A1E7A4F7556}") = "EShopOnContainer.Catalog.Infra.CrossCutting", "services\Catalog\Infra\EShopOnContainer.Catalog.Infra.CrossCutting\EShopOnContainer.Catalog.Infra.CrossCutting.csproj", "{5D508FAC-35DB-409F-B8DC-050522DCF14B}"
EndProject
Project("{9A19103F-16F7-4668-BE54-9A1E7A4F7556}") = "EShopOnContainer.Catalog.Infra.Out.Bus.Kafka", "services\Catalog\Infra\Out\EShopOnContainer.Catalog.Infra.Out.Bus.Kafka\EShopOnContainer.Catalog.Infra.Out.Bus.Kafka.csproj", "{235A17E6-F476-4CFC-B60A-2020C033ADF1}"
EndProject
Project("{9A19103F-16F7-4668-BE54-9A1E7A4F7556}") = "DTI.Core.Infra.Out.Observability.ELK", "services\Core\insfrastructure\out\DTI.Core.Infra.Out.Observability.ELK\DTI.Core.Infra.Out.Observability.ELK.csproj", "{8F4BAEF9-E176-4752-957E-B338EDD53F48}"
EndProject
Project("{9A19103F-16F7-4668-BE54-9A1E7A4F7556}") = "DTI.Core.Infra.Out.DbAccess.MSSql", "services\Core\insfrastructure\out\DTI.Core.Infra.Out.DbAccess.MSSql\DTI.Core.Infra.Out.DbAccess.MSSql.csproj", "{D50051FC-6334-44C7-A87A-53DD6C3F627C}"
EndProject
Project("{9A19103F-16F7-4668-BE54-9A1E7A4F7556}") = "DTI.Core.Infra.Out.Bus.Kafka", "services\Core\insfrastructure\out\DTI.Core.Infra.Out.Bus.Kafka\DTI.Core.Infra.Out.Bus.Kafka.csproj", "{CB946BEF-1803-4D67-9E7D-7FB55A75E437}"
EndProject
Global
	GlobalSection(SolutionConfigurationPlatforms) = preSolution
		Debug|Any CPU = Debug|Any CPU
		Release|Any CPU = Release|Any CPU
	EndGlobalSection
	GlobalSection(ProjectConfigurationPlatforms) = postSolution
		{73EAA48A-8589-4F0E-BB9E-D210041205E2}.Debug|Any CPU.ActiveCfg = Debug|Any CPU
		{73EAA48A-8589-4F0E-BB9E-D210041205E2}.Debug|Any CPU.Build.0 = Debug|Any CPU
		{73EAA48A-8589-4F0E-BB9E-D210041205E2}.Release|Any CPU.ActiveCfg = Release|Any CPU
		{73EAA48A-8589-4F0E-BB9E-D210041205E2}.Release|Any CPU.Build.0 = Release|Any CPU
		{B0430BB4-692D-4CB1-9C8E-C52969100954}.Debug|Any CPU.ActiveCfg = Debug|Any CPU
		{B0430BB4-692D-4CB1-9C8E-C52969100954}.Debug|Any CPU.Build.0 = Debug|Any CPU
		{B0430BB4-692D-4CB1-9C8E-C52969100954}.Release|Any CPU.ActiveCfg = Release|Any CPU
		{B0430BB4-692D-4CB1-9C8E-C52969100954}.Release|Any CPU.Build.0 = Release|Any CPU
		{E6B955B1-147A-4155-90D8-85057FB5610B}.Debug|Any CPU.ActiveCfg = Debug|Any CPU
		{E6B955B1-147A-4155-90D8-85057FB5610B}.Debug|Any CPU.Build.0 = Debug|Any CPU
		{E6B955B1-147A-4155-90D8-85057FB5610B}.Release|Any CPU.ActiveCfg = Release|Any CPU
		{E6B955B1-147A-4155-90D8-85057FB5610B}.Release|Any CPU.Build.0 = Release|Any CPU
		{362275AE-33CD-47C2-90D0-4CC1B6F28B26}.Debug|Any CPU.ActiveCfg = Debug|Any CPU
		{362275AE-33CD-47C2-90D0-4CC1B6F28B26}.Debug|Any CPU.Build.0 = Debug|Any CPU
		{362275AE-33CD-47C2-90D0-4CC1B6F28B26}.Release|Any CPU.ActiveCfg = Release|Any CPU
		{362275AE-33CD-47C2-90D0-4CC1B6F28B26}.Release|Any CPU.Build.0 = Release|Any CPU
		{CEC73548-3D7F-4DF2-BD9B-D365D9961C9E}.Debug|Any CPU.ActiveCfg = Debug|Any CPU
		{CEC73548-3D7F-4DF2-BD9B-D365D9961C9E}.Debug|Any CPU.Build.0 = Debug|Any CPU
		{CEC73548-3D7F-4DF2-BD9B-D365D9961C9E}.Release|Any CPU.ActiveCfg = Release|Any CPU
		{CEC73548-3D7F-4DF2-BD9B-D365D9961C9E}.Release|Any CPU.Build.0 = Release|Any CPU
		{6F75F9CF-5463-4631-B8B2-BDC1F979E07D}.Debug|Any CPU.ActiveCfg = Debug|Any CPU
		{6F75F9CF-5463-4631-B8B2-BDC1F979E07D}.Debug|Any CPU.Build.0 = Debug|Any CPU
		{6F75F9CF-5463-4631-B8B2-BDC1F979E07D}.Release|Any CPU.ActiveCfg = Release|Any CPU
		{6F75F9CF-5463-4631-B8B2-BDC1F979E07D}.Release|Any CPU.Build.0 = Release|Any CPU
		{CE0DE9B0-1897-45DF-950F-202D2E2E5C30}.Debug|Any CPU.ActiveCfg = Debug|Any CPU
		{CE0DE9B0-1897-45DF-950F-202D2E2E5C30}.Debug|Any CPU.Build.0 = Debug|Any CPU
		{CE0DE9B0-1897-45DF-950F-202D2E2E5C30}.Release|Any CPU.ActiveCfg = Release|Any CPU
		{CE0DE9B0-1897-45DF-950F-202D2E2E5C30}.Release|Any CPU.Build.0 = Release|Any CPU
		{3D2AF086-4C3D-44DE-8178-D4C4F17EDB00}.Debug|Any CPU.ActiveCfg = Debug|Any CPU
		{3D2AF086-4C3D-44DE-8178-D4C4F17EDB00}.Debug|Any CPU.Build.0 = Debug|Any CPU
		{3D2AF086-4C3D-44DE-8178-D4C4F17EDB00}.Release|Any CPU.ActiveCfg = Release|Any CPU
		{3D2AF086-4C3D-44DE-8178-D4C4F17EDB00}.Release|Any CPU.Build.0 = Release|Any CPU
		{6F9A902D-62C6-4FE2-8DC4-1639EF8C35D8}.Debug|Any CPU.ActiveCfg = Debug|Any CPU
		{6F9A902D-62C6-4FE2-8DC4-1639EF8C35D8}.Debug|Any CPU.Build.0 = Debug|Any CPU
		{6F9A902D-62C6-4FE2-8DC4-1639EF8C35D8}.Release|Any CPU.ActiveCfg = Release|Any CPU
		{6F9A902D-62C6-4FE2-8DC4-1639EF8C35D8}.Release|Any CPU.Build.0 = Release|Any CPU
		{39DA8B43-2012-4FCB-9B32-EDA9A61EFCD4}.Debug|Any CPU.ActiveCfg = Debug|Any CPU
		{39DA8B43-2012-4FCB-9B32-EDA9A61EFCD4}.Debug|Any CPU.Build.0 = Debug|Any CPU
		{39DA8B43-2012-4FCB-9B32-EDA9A61EFCD4}.Release|Any CPU.ActiveCfg = Release|Any CPU
		{39DA8B43-2012-4FCB-9B32-EDA9A61EFCD4}.Release|Any CPU.Build.0 = Release|Any CPU
		{69799607-F61D-46D7-894D-6AA8290DF387}.Debug|Any CPU.ActiveCfg = Debug|Any CPU
		{69799607-F61D-46D7-894D-6AA8290DF387}.Debug|Any CPU.Build.0 = Debug|Any CPU
		{69799607-F61D-46D7-894D-6AA8290DF387}.Release|Any CPU.ActiveCfg = Release|Any CPU
		{69799607-F61D-46D7-894D-6AA8290DF387}.Release|Any CPU.Build.0 = Release|Any CPU
		{1F805D4D-60B3-4656-8A3F-A7863060F77E}.Debug|Any CPU.ActiveCfg = Debug|Any CPU
		{1F805D4D-60B3-4656-8A3F-A7863060F77E}.Debug|Any CPU.Build.0 = Debug|Any CPU
		{1F805D4D-60B3-4656-8A3F-A7863060F77E}.Release|Any CPU.ActiveCfg = Release|Any CPU
		{1F805D4D-60B3-4656-8A3F-A7863060F77E}.Release|Any CPU.Build.0 = Release|Any CPU
		{40D99CFD-54C6-454A-8886-FD1AD4A990BE}.Debug|Any CPU.ActiveCfg = Debug|Any CPU
		{40D99CFD-54C6-454A-8886-FD1AD4A990BE}.Debug|Any CPU.Build.0 = Debug|Any CPU
		{40D99CFD-54C6-454A-8886-FD1AD4A990BE}.Release|Any CPU.ActiveCfg = Release|Any CPU
		{40D99CFD-54C6-454A-8886-FD1AD4A990BE}.Release|Any CPU.Build.0 = Release|Any CPU
		{36B0DD7A-2E2A-4CED-8645-588D92A38901}.Debug|Any CPU.ActiveCfg = Debug|Any CPU
		{36B0DD7A-2E2A-4CED-8645-588D92A38901}.Debug|Any CPU.Build.0 = Debug|Any CPU
		{36B0DD7A-2E2A-4CED-8645-588D92A38901}.Release|Any CPU.ActiveCfg = Release|Any CPU
		{36B0DD7A-2E2A-4CED-8645-588D92A38901}.Release|Any CPU.Build.0 = Release|Any CPU
		{EED4BC2D-BAA9-4E5E-8E7B-C66932974A48}.Debug|Any CPU.ActiveCfg = Debug|Any CPU
		{EED4BC2D-BAA9-4E5E-8E7B-C66932974A48}.Debug|Any CPU.Build.0 = Debug|Any CPU
		{EED4BC2D-BAA9-4E5E-8E7B-C66932974A48}.Release|Any CPU.ActiveCfg = Release|Any CPU
		{EED4BC2D-BAA9-4E5E-8E7B-C66932974A48}.Release|Any CPU.Build.0 = Release|Any CPU
		{3E874491-6C36-4D09-BAAB-DEC09E28D715}.Debug|Any CPU.ActiveCfg = Debug|Any CPU
		{3E874491-6C36-4D09-BAAB-DEC09E28D715}.Debug|Any CPU.Build.0 = Debug|Any CPU
		{3E874491-6C36-4D09-BAAB-DEC09E28D715}.Release|Any CPU.ActiveCfg = Release|Any CPU
		{3E874491-6C36-4D09-BAAB-DEC09E28D715}.Release|Any CPU.Build.0 = Release|Any CPU
		{49B8FE03-3C67-4A6B-8944-D5F1A8E34D5F}.Debug|Any CPU.ActiveCfg = Debug|Any CPU
		{49B8FE03-3C67-4A6B-8944-D5F1A8E34D5F}.Debug|Any CPU.Build.0 = Debug|Any CPU
		{49B8FE03-3C67-4A6B-8944-D5F1A8E34D5F}.Release|Any CPU.ActiveCfg = Release|Any CPU
		{49B8FE03-3C67-4A6B-8944-D5F1A8E34D5F}.Release|Any CPU.Build.0 = Release|Any CPU
		{95594702-6ACA-4E87-A5A9-BEFE94FE108D}.Debug|Any CPU.ActiveCfg = Debug|Any CPU
		{95594702-6ACA-4E87-A5A9-BEFE94FE108D}.Debug|Any CPU.Build.0 = Debug|Any CPU
		{95594702-6ACA-4E87-A5A9-BEFE94FE108D}.Release|Any CPU.ActiveCfg = Release|Any CPU
		{95594702-6ACA-4E87-A5A9-BEFE94FE108D}.Release|Any CPU.Build.0 = Release|Any CPU
		{A9E87A6F-8E88-4591-9D1F-66ED377A0ACE}.Debug|Any CPU.ActiveCfg = Debug|Any CPU
		{A9E87A6F-8E88-4591-9D1F-66ED377A0ACE}.Debug|Any CPU.Build.0 = Debug|Any CPU
		{A9E87A6F-8E88-4591-9D1F-66ED377A0ACE}.Release|Any CPU.ActiveCfg = Release|Any CPU
		{A9E87A6F-8E88-4591-9D1F-66ED377A0ACE}.Release|Any CPU.Build.0 = Release|Any CPU
		{34C00EBD-AA30-493C-AE34-8FCE5C99C1B3}.Debug|Any CPU.ActiveCfg = Debug|Any CPU
		{34C00EBD-AA30-493C-AE34-8FCE5C99C1B3}.Debug|Any CPU.Build.0 = Debug|Any CPU
		{34C00EBD-AA30-493C-AE34-8FCE5C99C1B3}.Release|Any CPU.ActiveCfg = Release|Any CPU
		{34C00EBD-AA30-493C-AE34-8FCE5C99C1B3}.Release|Any CPU.Build.0 = Release|Any CPU
		{3DF251E6-0840-4290-A0DA-AC4F4765180E}.Debug|Any CPU.ActiveCfg = Debug|Any CPU
		{3DF251E6-0840-4290-A0DA-AC4F4765180E}.Debug|Any CPU.Build.0 = Debug|Any CPU
		{3DF251E6-0840-4290-A0DA-AC4F4765180E}.Release|Any CPU.ActiveCfg = Release|Any CPU
		{3DF251E6-0840-4290-A0DA-AC4F4765180E}.Release|Any CPU.Build.0 = Release|Any CPU
		{15DA0562-C856-4A09-9006-08F3BB201809}.Debug|Any CPU.ActiveCfg = Debug|Any CPU
		{15DA0562-C856-4A09-9006-08F3BB201809}.Debug|Any CPU.Build.0 = Debug|Any CPU
		{15DA0562-C856-4A09-9006-08F3BB201809}.Release|Any CPU.ActiveCfg = Release|Any CPU
		{15DA0562-C856-4A09-9006-08F3BB201809}.Release|Any CPU.Build.0 = Release|Any CPU
		{CA59CAAA-1944-4714-8017-B69E785F854E}.Debug|Any CPU.ActiveCfg = Debug|Any CPU
		{CA59CAAA-1944-4714-8017-B69E785F854E}.Debug|Any CPU.Build.0 = Debug|Any CPU
		{CA59CAAA-1944-4714-8017-B69E785F854E}.Release|Any CPU.ActiveCfg = Release|Any CPU
		{CA59CAAA-1944-4714-8017-B69E785F854E}.Release|Any CPU.Build.0 = Release|Any CPU
		{BC9BBA93-C6DB-4DB1-9DD9-55182A572E00}.Debug|Any CPU.ActiveCfg = Debug|Any CPU
		{BC9BBA93-C6DB-4DB1-9DD9-55182A572E00}.Debug|Any CPU.Build.0 = Debug|Any CPU
		{BC9BBA93-C6DB-4DB1-9DD9-55182A572E00}.Release|Any CPU.ActiveCfg = Release|Any CPU
		{BC9BBA93-C6DB-4DB1-9DD9-55182A572E00}.Release|Any CPU.Build.0 = Release|Any CPU
		{68E00A98-54CD-4A0B-A611-2BAE4CF6239E}.Debug|Any CPU.ActiveCfg = Debug|Any CPU
		{68E00A98-54CD-4A0B-A611-2BAE4CF6239E}.Debug|Any CPU.Build.0 = Debug|Any CPU
		{68E00A98-54CD-4A0B-A611-2BAE4CF6239E}.Release|Any CPU.ActiveCfg = Release|Any CPU
		{68E00A98-54CD-4A0B-A611-2BAE4CF6239E}.Release|Any CPU.Build.0 = Release|Any CPU
		{78446F74-FCEB-4049-8DE8-8A551BA3D410}.Debug|Any CPU.ActiveCfg = Debug|Any CPU
		{78446F74-FCEB-4049-8DE8-8A551BA3D410}.Debug|Any CPU.Build.0 = Debug|Any CPU
		{78446F74-FCEB-4049-8DE8-8A551BA3D410}.Release|Any CPU.ActiveCfg = Release|Any CPU
		{78446F74-FCEB-4049-8DE8-8A551BA3D410}.Release|Any CPU.Build.0 = Release|Any CPU
		{5D508FAC-35DB-409F-B8DC-050522DCF14B}.Debug|Any CPU.ActiveCfg = Debug|Any CPU
		{5D508FAC-35DB-409F-B8DC-050522DCF14B}.Debug|Any CPU.Build.0 = Debug|Any CPU
		{5D508FAC-35DB-409F-B8DC-050522DCF14B}.Release|Any CPU.ActiveCfg = Release|Any CPU
		{5D508FAC-35DB-409F-B8DC-050522DCF14B}.Release|Any CPU.Build.0 = Release|Any CPU
		{235A17E6-F476-4CFC-B60A-2020C033ADF1}.Debug|Any CPU.ActiveCfg = Debug|Any CPU
		{235A17E6-F476-4CFC-B60A-2020C033ADF1}.Debug|Any CPU.Build.0 = Debug|Any CPU
		{235A17E6-F476-4CFC-B60A-2020C033ADF1}.Release|Any CPU.ActiveCfg = Release|Any CPU
		{235A17E6-F476-4CFC-B60A-2020C033ADF1}.Release|Any CPU.Build.0 = Release|Any CPU
		{8F4BAEF9-E176-4752-957E-B338EDD53F48}.Debug|Any CPU.ActiveCfg = Debug|Any CPU
		{8F4BAEF9-E176-4752-957E-B338EDD53F48}.Debug|Any CPU.Build.0 = Debug|Any CPU
		{8F4BAEF9-E176-4752-957E-B338EDD53F48}.Release|Any CPU.ActiveCfg = Release|Any CPU
		{8F4BAEF9-E176-4752-957E-B338EDD53F48}.Release|Any CPU.Build.0 = Release|Any CPU
		{D50051FC-6334-44C7-A87A-53DD6C3F627C}.Debug|Any CPU.ActiveCfg = Debug|Any CPU
		{D50051FC-6334-44C7-A87A-53DD6C3F627C}.Debug|Any CPU.Build.0 = Debug|Any CPU
		{D50051FC-6334-44C7-A87A-53DD6C3F627C}.Release|Any CPU.ActiveCfg = Release|Any CPU
		{D50051FC-6334-44C7-A87A-53DD6C3F627C}.Release|Any CPU.Build.0 = Release|Any CPU
		{CB946BEF-1803-4D67-9E7D-7FB55A75E437}.Debug|Any CPU.ActiveCfg = Debug|Any CPU
		{CB946BEF-1803-4D67-9E7D-7FB55A75E437}.Debug|Any CPU.Build.0 = Debug|Any CPU
		{CB946BEF-1803-4D67-9E7D-7FB55A75E437}.Release|Any CPU.ActiveCfg = Release|Any CPU
		{CB946BEF-1803-4D67-9E7D-7FB55A75E437}.Release|Any CPU.Build.0 = Release|Any CPU
	EndGlobalSection
	GlobalSection(SolutionProperties) = preSolution
		HideSolutionNode = FALSE
	EndGlobalSection
	GlobalSection(NestedProjects) = preSolution
		{20B08B1C-C1FE-4D6E-A334-23F3955AD2D7} = {33896901-A3DF-49D4-A031-9EBB495892FB}
		{F1591A65-6FA4-48EF-B693-CF3B495CDD06} = {33896901-A3DF-49D4-A031-9EBB495892FB}
		{87A56CEC-1362-461B-80D5-319226CD3DBA} = {33896901-A3DF-49D4-A031-9EBB495892FB}
		{66669B40-B3B8-43CA-BA5D-F1E67F580E09} = {87A56CEC-1362-461B-80D5-319226CD3DBA}
		{8F9967EE-3C26-4862-B6AD-C00A03E6D2BC} = {87A56CEC-1362-461B-80D5-319226CD3DBA}
		{21D54363-AD53-4E76-85FF-7A3AB25554D5} = {66669B40-B3B8-43CA-BA5D-F1E67F580E09}
		{398882CA-F364-408F-8AB6-8561F56B0CF1} = {DD45F1A7-194A-4D3E-B58A-14794D376711}
		{249CFCAA-E674-4C15-B2E9-1C7928BAD080} = {DD45F1A7-194A-4D3E-B58A-14794D376711}
		{32E107D6-46A6-4E1E-9DA3-E6122CD7353D} = {DD45F1A7-194A-4D3E-B58A-14794D376711}
		{73EAA48A-8589-4F0E-BB9E-D210041205E2} = {21D54363-AD53-4E76-85FF-7A3AB25554D5}
		{64DC0984-F434-49CA-8F25-27D1487C8680} = {98C25807-DC3E-4402-BA62-C96E8998A681}
		{32E5DF78-4B2E-4902-97EB-66204448CC8D} = {98C25807-DC3E-4402-BA62-C96E8998A681}
		{281460AD-8B01-4D1C-85A3-71198BFF2AA2} = {98C25807-DC3E-4402-BA62-C96E8998A681}
		{81096E34-AACA-4678-9776-CCC5EFE38899} = {281460AD-8B01-4D1C-85A3-71198BFF2AA2}
		{4C9AFB24-F7B9-4533-9C59-E7F23431FA9C} = {81096E34-AACA-4678-9776-CCC5EFE38899}
		{B0430BB4-692D-4CB1-9C8E-C52969100954} = {4C9AFB24-F7B9-4533-9C59-E7F23431FA9C}
		{E6B955B1-147A-4155-90D8-85057FB5610B} = {4C9AFB24-F7B9-4533-9C59-E7F23431FA9C}
		{362275AE-33CD-47C2-90D0-4CC1B6F28B26} = {81096E34-AACA-4678-9776-CCC5EFE38899}
		{67BDAD70-6F4A-4CF0-87F8-2924811BF711} = {281460AD-8B01-4D1C-85A3-71198BFF2AA2}
		{CEC73548-3D7F-4DF2-BD9B-D365D9961C9E} = {67BDAD70-6F4A-4CF0-87F8-2924811BF711}
		{6F75F9CF-5463-4631-B8B2-BDC1F979E07D} = {281460AD-8B01-4D1C-85A3-71198BFF2AA2}
		{CE0DE9B0-1897-45DF-950F-202D2E2E5C30} = {81096E34-AACA-4678-9776-CCC5EFE38899}
		{3D2AF086-4C3D-44DE-8178-D4C4F17EDB00} = {67BDAD70-6F4A-4CF0-87F8-2924811BF711}
		{6AA23319-4E8C-42C2-9B06-CEB2C88609EB} = {32E107D6-46A6-4E1E-9DA3-E6122CD7353D}
		{B902AA99-7CB4-489A-BA55-1F1C71A862EB} = {32E107D6-46A6-4E1E-9DA3-E6122CD7353D}
		{6F9A902D-62C6-4FE2-8DC4-1639EF8C35D8} = {20B08B1C-C1FE-4D6E-A334-23F3955AD2D7}
		{39DA8B43-2012-4FCB-9B32-EDA9A61EFCD4} = {F1591A65-6FA4-48EF-B693-CF3B495CDD06}
		{69799607-F61D-46D7-894D-6AA8290DF387} = {21D54363-AD53-4E76-85FF-7A3AB25554D5}
		{1F805D4D-60B3-4656-8A3F-A7863060F77E} = {21D54363-AD53-4E76-85FF-7A3AB25554D5}
		{40D99CFD-54C6-454A-8886-FD1AD4A990BE} = {66669B40-B3B8-43CA-BA5D-F1E67F580E09}
		{36B0DD7A-2E2A-4CED-8645-588D92A38901} = {66669B40-B3B8-43CA-BA5D-F1E67F580E09}
		{EED4BC2D-BAA9-4E5E-8E7B-C66932974A48} = {398882CA-F364-408F-8AB6-8561F56B0CF1}
		{3E874491-6C36-4D09-BAAB-DEC09E28D715} = {249CFCAA-E674-4C15-B2E9-1C7928BAD080}
		{49B8FE03-3C67-4A6B-8944-D5F1A8E34D5F} = {B902AA99-7CB4-489A-BA55-1F1C71A862EB}
		{95594702-6ACA-4E87-A5A9-BEFE94FE108D} = {32E107D6-46A6-4E1E-9DA3-E6122CD7353D}
		{A9E87A6F-8E88-4591-9D1F-66ED377A0ACE} = {6AA23319-4E8C-42C2-9B06-CEB2C88609EB}
		{34C00EBD-AA30-493C-AE34-8FCE5C99C1B3} = {6AA23319-4E8C-42C2-9B06-CEB2C88609EB}
		{3DF251E6-0840-4290-A0DA-AC4F4765180E} = {B902AA99-7CB4-489A-BA55-1F1C71A862EB}
		{15DA0562-C856-4A09-9006-08F3BB201809} = {64DC0984-F434-49CA-8F25-27D1487C8680}
		{CA59CAAA-1944-4714-8017-B69E785F854E} = {32E5DF78-4B2E-4902-97EB-66204448CC8D}
		{0EDD8339-05C1-425E-8ACA-11F05FE85105} = {23F8AB69-F7C5-4877-810D-86EFE7B7F2ED}
		{141266E7-8836-44AD-A055-2EC45A790670} = {23F8AB69-F7C5-4877-810D-86EFE7B7F2ED}
		{BC9BBA93-C6DB-4DB1-9DD9-55182A572E00} = {0EDD8339-05C1-425E-8ACA-11F05FE85105}
		{8117F6C2-DC9B-4F44-BC9E-8C13595606E0} = {141266E7-8836-44AD-A055-2EC45A790670}
		{68E00A98-54CD-4A0B-A611-2BAE4CF6239E} = {8117F6C2-DC9B-4F44-BC9E-8C13595606E0}
		{92CD37EC-28A7-4CD9-BF2F-12D8EBA8DAB5} = {141266E7-8836-44AD-A055-2EC45A790670}
		{78446F74-FCEB-4049-8DE8-8A551BA3D410} = {92CD37EC-28A7-4CD9-BF2F-12D8EBA8DAB5}
		{5D508FAC-35DB-409F-B8DC-050522DCF14B} = {141266E7-8836-44AD-A055-2EC45A790670}
		{235A17E6-F476-4CFC-B60A-2020C033ADF1} = {92CD37EC-28A7-4CD9-BF2F-12D8EBA8DAB5}
		{8F4BAEF9-E176-4752-957E-B338EDD53F48} = {8F9967EE-3C26-4862-B6AD-C00A03E6D2BC}
		{D50051FC-6334-44C7-A87A-53DD6C3F627C} = {8F9967EE-3C26-4862-B6AD-C00A03E6D2BC}
		{CB946BEF-1803-4D67-9E7D-7FB55A75E437} = {8F9967EE-3C26-4862-B6AD-C00A03E6D2BC}
	EndGlobalSection
	GlobalSection(ExtensibilityGlobals) = postSolution
		SolutionGuid = {BD0BFF79-B832-489C-8822-2D5AC77A0FE4}
	EndGlobalSection
EndGlobal
